
Microsoft Visual Studio Solution File, Format Version 12.00
# Visual Studio 14
VisualStudioVersion = 14.0.24720.0
MinimumVisualStudioVersion = 10.0.40219.1
Project("{FAE04EC0-301F-11D3-BF4B-00C04F79EFBC}") = "AdventOfCode", "AdventOfCode\AdventOfCode.csproj", "{B36AD851-93C8-4A4B-8960-A436AAD8BB6A}"
EndProject
Project("{FAE04EC0-301F-11D3-BF4B-00C04F79EFBC}") = "Day01", "Day01\Day01.csproj", "{083010C2-EAE7-48B2-B557-F9D8B4304594}"
EndProject
Project("{FAE04EC0-301F-11D3-BF4B-00C04F79EFBC}") = "Common", "Common\Common.csproj", "{8DCFAB5F-EF45-4866-B280-A797C65E52B7}"
EndProject
Project("{FAE04EC0-301F-11D3-BF4B-00C04F79EFBC}") = "Day02", "Day02\Day02.csproj", "{9369D088-1564-4945-AF9A-361C7F06F455}"
EndProject
Project("{FAE04EC0-301F-11D3-BF4B-00C04F79EFBC}") = "Day03", "Day03\Day03.csproj", "{AF5C28B0-1929-4CBD-B78D-F44AE6A66AF9}"
EndProject
Project("{FAE04EC0-301F-11D3-BF4B-00C04F79EFBC}") = "Day04", "Day04\Day04.csproj", "{F725A835-4166-4FBF-8787-611A57C9BBDB}"
EndProject
Project("{FAE04EC0-301F-11D3-BF4B-00C04F79EFBC}") = "Day05", "Day05\Day05.csproj", "{B50876FE-9060-43D3-8BE7-006C86EA6309}"
EndProject
Project("{FAE04EC0-301F-11D3-BF4B-00C04F79EFBC}") = "Day06", "Day06\Day06.csproj", "{89195BD0-2D42-4451-831E-2E2AFD6159A9}"
EndProject
Project("{FAE04EC0-301F-11D3-BF4B-00C04F79EFBC}") = "Day07", "Day07\Day07.csproj", "{42186CE4-96E6-45F9-BC62-8D5FD7146C6B}"
EndProject
Project("{FAE04EC0-301F-11D3-BF4B-00C04F79EFBC}") = "Day08", "Day08\Day08.csproj", "{966AC3EB-1C73-4A90-BFB0-E4366593EA0F}"
EndProject
Project("{FAE04EC0-301F-11D3-BF4B-00C04F79EFBC}") = "Day09", "Day09\Day09.csproj", "{4937FF16-209A-40F9-B344-44856A7F9BDC}"
EndProject
Project("{FAE04EC0-301F-11D3-BF4B-00C04F79EFBC}") = "Day10", "Day10\Day10.csproj", "{F93399A4-B607-4C67-9F39-CD2E2374CEEB}"
EndProject
Project("{FAE04EC0-301F-11D3-BF4B-00C04F79EFBC}") = "Day11", "Day11\Day11.csproj", "{8535E7ED-6ECE-4752-AFEA-02F312AA157E}"
EndProject
Project("{FAE04EC0-301F-11D3-BF4B-00C04F79EFBC}") = "Day12", "Day12\Day12.csproj", "{0B91D91D-FC58-4B0D-9803-02A192FAC2CA}"
EndProject
Project("{FAE04EC0-301F-11D3-BF4B-00C04F79EFBC}") = "Day13", "Day13\Day13.csproj", "{15E9268A-675F-4D49-9996-2C5E611D5D54}"
EndProject
Project("{FAE04EC0-301F-11D3-BF4B-00C04F79EFBC}") = "Day14", "Day14\Day14.csproj", "{9B00EE21-F4DB-4167-B23F-99B40D744475}"
EndProject
Project("{FAE04EC0-301F-11D3-BF4B-00C04F79EFBC}") = "Day15", "Day15\Day15.csproj", "{07489D25-AA86-4FDE-8EA6-B32E38A6476B}"
EndProject
Project("{FAE04EC0-301F-11D3-BF4B-00C04F79EFBC}") = "Day16", "Day16\Day16.csproj", "{F01635B3-0AC2-46AF-9E96-C2D0C44DDAFB}"
EndProject
Project("{FAE04EC0-301F-11D3-BF4B-00C04F79EFBC}") = "Day17", "Day17\Day17.csproj", "{818E4FA1-1547-4AD2-9A49-E49360205123}"
EndProject
Project("{FAE04EC0-301F-11D3-BF4B-00C04F79EFBC}") = "Day18", "Day18\Day18.csproj", "{7A6A6432-2DB8-4449-8ADB-78AF6DA747AC}"
EndProject
Project("{FAE04EC0-301F-11D3-BF4B-00C04F79EFBC}") = "Day19", "Day19\Day19.csproj", "{9C558B28-0A57-41BD-91FF-C4489A68924A}"
EndProject
Project("{FAE04EC0-301F-11D3-BF4B-00C04F79EFBC}") = "Day20", "Day20\Day20.csproj", "{755EAC64-E1F8-44E8-8332-479B67DCD7AD}"
EndProject
Project("{FAE04EC0-301F-11D3-BF4B-00C04F79EFBC}") = "Day21", "Day21\Day21.csproj", "{9D977943-F219-402E-9999-90F77D0D5B45}"
EndProject
Project("{FAE04EC0-301F-11D3-BF4B-00C04F79EFBC}") = "Day22", "Day22\Day22.csproj", "{E1D1E557-799E-49C1-86BD-271957E755A5}"
EndProject
Project("{FAE04EC0-301F-11D3-BF4B-00C04F79EFBC}") = "Day23", "Day23\Day23.csproj", "{BF4B90C7-FC17-421A-BDF6-9FA81070C326}"
EndProject
Project("{FAE04EC0-301F-11D3-BF4B-00C04F79EFBC}") = "Day24", "Day24\Day24.csproj", "{DA41F977-FAEE-4068-94A9-6DFAF6930CA6}"
EndProject
Project("{FAE04EC0-301F-11D3-BF4B-00C04F79EFBC}") = "Day25", "Day25\Day25.csproj", "{A72E77BE-63D2-43F8-B8E7-E8DE6D7C7C70}"
EndProject
Global
	GlobalSection(SolutionConfigurationPlatforms) = preSolution
		Debug|Any CPU = Debug|Any CPU
		Release|Any CPU = Release|Any CPU
	EndGlobalSection
	GlobalSection(ProjectConfigurationPlatforms) = postSolution
		{B36AD851-93C8-4A4B-8960-A436AAD8BB6A}.Debug|Any CPU.ActiveCfg = Debug|Any CPU
		{B36AD851-93C8-4A4B-8960-A436AAD8BB6A}.Debug|Any CPU.Build.0 = Debug|Any CPU
		{B36AD851-93C8-4A4B-8960-A436AAD8BB6A}.Release|Any CPU.ActiveCfg = Release|Any CPU
		{B36AD851-93C8-4A4B-8960-A436AAD8BB6A}.Release|Any CPU.Build.0 = Release|Any CPU
		{083010C2-EAE7-48B2-B557-F9D8B4304594}.Debug|Any CPU.ActiveCfg = Debug|Any CPU
		{083010C2-EAE7-48B2-B557-F9D8B4304594}.Debug|Any CPU.Build.0 = Debug|Any CPU
		{083010C2-EAE7-48B2-B557-F9D8B4304594}.Release|Any CPU.ActiveCfg = Release|Any CPU
		{083010C2-EAE7-48B2-B557-F9D8B4304594}.Release|Any CPU.Build.0 = Release|Any CPU
		{8DCFAB5F-EF45-4866-B280-A797C65E52B7}.Debug|Any CPU.ActiveCfg = Debug|Any CPU
		{8DCFAB5F-EF45-4866-B280-A797C65E52B7}.Debug|Any CPU.Build.0 = Debug|Any CPU
		{8DCFAB5F-EF45-4866-B280-A797C65E52B7}.Release|Any CPU.ActiveCfg = Release|Any CPU
		{8DCFAB5F-EF45-4866-B280-A797C65E52B7}.Release|Any CPU.Build.0 = Release|Any CPU
		{9369D088-1564-4945-AF9A-361C7F06F455}.Debug|Any CPU.ActiveCfg = Debug|Any CPU
		{9369D088-1564-4945-AF9A-361C7F06F455}.Debug|Any CPU.Build.0 = Debug|Any CPU
		{9369D088-1564-4945-AF9A-361C7F06F455}.Release|Any CPU.ActiveCfg = Release|Any CPU
		{9369D088-1564-4945-AF9A-361C7F06F455}.Release|Any CPU.Build.0 = Release|Any CPU
		{AF5C28B0-1929-4CBD-B78D-F44AE6A66AF9}.Debug|Any CPU.ActiveCfg = Debug|Any CPU
		{AF5C28B0-1929-4CBD-B78D-F44AE6A66AF9}.Debug|Any CPU.Build.0 = Debug|Any CPU
		{AF5C28B0-1929-4CBD-B78D-F44AE6A66AF9}.Release|Any CPU.ActiveCfg = Release|Any CPU
		{AF5C28B0-1929-4CBD-B78D-F44AE6A66AF9}.Release|Any CPU.Build.0 = Release|Any CPU
		{F725A835-4166-4FBF-8787-611A57C9BBDB}.Debug|Any CPU.ActiveCfg = Debug|Any CPU
		{F725A835-4166-4FBF-8787-611A57C9BBDB}.Debug|Any CPU.Build.0 = Debug|Any CPU
		{F725A835-4166-4FBF-8787-611A57C9BBDB}.Release|Any CPU.ActiveCfg = Release|Any CPU
		{F725A835-4166-4FBF-8787-611A57C9BBDB}.Release|Any CPU.Build.0 = Release|Any CPU
		{B50876FE-9060-43D3-8BE7-006C86EA6309}.Debug|Any CPU.ActiveCfg = Debug|Any CPU
		{B50876FE-9060-43D3-8BE7-006C86EA6309}.Debug|Any CPU.Build.0 = Debug|Any CPU
		{B50876FE-9060-43D3-8BE7-006C86EA6309}.Release|Any CPU.ActiveCfg = Release|Any CPU
		{B50876FE-9060-43D3-8BE7-006C86EA6309}.Release|Any CPU.Build.0 = Release|Any CPU
		{89195BD0-2D42-4451-831E-2E2AFD6159A9}.Debug|Any CPU.ActiveCfg = Debug|Any CPU
		{89195BD0-2D42-4451-831E-2E2AFD6159A9}.Debug|Any CPU.Build.0 = Debug|Any CPU
		{89195BD0-2D42-4451-831E-2E2AFD6159A9}.Release|Any CPU.ActiveCfg = Release|Any CPU
		{89195BD0-2D42-4451-831E-2E2AFD6159A9}.Release|Any CPU.Build.0 = Release|Any CPU
		{42186CE4-96E6-45F9-BC62-8D5FD7146C6B}.Debug|Any CPU.ActiveCfg = Debug|Any CPU
		{42186CE4-96E6-45F9-BC62-8D5FD7146C6B}.Debug|Any CPU.Build.0 = Debug|Any CPU
		{42186CE4-96E6-45F9-BC62-8D5FD7146C6B}.Release|Any CPU.ActiveCfg = Release|Any CPU
		{42186CE4-96E6-45F9-BC62-8D5FD7146C6B}.Release|Any CPU.Build.0 = Release|Any CPU
		{966AC3EB-1C73-4A90-BFB0-E4366593EA0F}.Debug|Any CPU.ActiveCfg = Debug|Any CPU
		{966AC3EB-1C73-4A90-BFB0-E4366593EA0F}.Debug|Any CPU.Build.0 = Debug|Any CPU
		{966AC3EB-1C73-4A90-BFB0-E4366593EA0F}.Release|Any CPU.ActiveCfg = Release|Any CPU
		{966AC3EB-1C73-4A90-BFB0-E4366593EA0F}.Release|Any CPU.Build.0 = Release|Any CPU
		{4937FF16-209A-40F9-B344-44856A7F9BDC}.Debug|Any CPU.ActiveCfg = Debug|Any CPU
		{4937FF16-209A-40F9-B344-44856A7F9BDC}.Debug|Any CPU.Build.0 = Debug|Any CPU
		{4937FF16-209A-40F9-B344-44856A7F9BDC}.Release|Any CPU.ActiveCfg = Release|Any CPU
		{4937FF16-209A-40F9-B344-44856A7F9BDC}.Release|Any CPU.Build.0 = Release|Any CPU
		{F93399A4-B607-4C67-9F39-CD2E2374CEEB}.Debug|Any CPU.ActiveCfg = Debug|Any CPU
		{F93399A4-B607-4C67-9F39-CD2E2374CEEB}.Debug|Any CPU.Build.0 = Debug|Any CPU
		{F93399A4-B607-4C67-9F39-CD2E2374CEEB}.Release|Any CPU.ActiveCfg = Release|Any CPU
		{F93399A4-B607-4C67-9F39-CD2E2374CEEB}.Release|Any CPU.Build.0 = Release|Any CPU
		{8535E7ED-6ECE-4752-AFEA-02F312AA157E}.Debug|Any CPU.ActiveCfg = Debug|Any CPU
		{8535E7ED-6ECE-4752-AFEA-02F312AA157E}.Debug|Any CPU.Build.0 = Debug|Any CPU
		{8535E7ED-6ECE-4752-AFEA-02F312AA157E}.Release|Any CPU.ActiveCfg = Release|Any CPU
		{8535E7ED-6ECE-4752-AFEA-02F312AA157E}.Release|Any CPU.Build.0 = Release|Any CPU
		{0B91D91D-FC58-4B0D-9803-02A192FAC2CA}.Debug|Any CPU.ActiveCfg = Debug|Any CPU
		{0B91D91D-FC58-4B0D-9803-02A192FAC2CA}.Debug|Any CPU.Build.0 = Debug|Any CPU
		{0B91D91D-FC58-4B0D-9803-02A192FAC2CA}.Release|Any CPU.ActiveCfg = Release|Any CPU
		{0B91D91D-FC58-4B0D-9803-02A192FAC2CA}.Release|Any CPU.Build.0 = Release|Any CPU
		{15E9268A-675F-4D49-9996-2C5E611D5D54}.Debug|Any CPU.ActiveCfg = Debug|Any CPU
		{15E9268A-675F-4D49-9996-2C5E611D5D54}.Debug|Any CPU.Build.0 = Debug|Any CPU
		{15E9268A-675F-4D49-9996-2C5E611D5D54}.Release|Any CPU.ActiveCfg = Release|Any CPU
		{15E9268A-675F-4D49-9996-2C5E611D5D54}.Release|Any CPU.Build.0 = Release|Any CPU
		{9B00EE21-F4DB-4167-B23F-99B40D744475}.Debug|Any CPU.ActiveCfg = Debug|Any CPU
		{9B00EE21-F4DB-4167-B23F-99B40D744475}.Debug|Any CPU.Build.0 = Debug|Any CPU
		{9B00EE21-F4DB-4167-B23F-99B40D744475}.Release|Any CPU.ActiveCfg = Release|Any CPU
		{9B00EE21-F4DB-4167-B23F-99B40D744475}.Release|Any CPU.Build.0 = Release|Any CPU
		{07489D25-AA86-4FDE-8EA6-B32E38A6476B}.Debug|Any CPU.ActiveCfg = Debug|Any CPU
		{07489D25-AA86-4FDE-8EA6-B32E38A6476B}.Debug|Any CPU.Build.0 = Debug|Any CPU
		{07489D25-AA86-4FDE-8EA6-B32E38A6476B}.Release|Any CPU.ActiveCfg = Release|Any CPU
		{07489D25-AA86-4FDE-8EA6-B32E38A6476B}.Release|Any CPU.Build.0 = Release|Any CPU
		{F01635B3-0AC2-46AF-9E96-C2D0C44DDAFB}.Debug|Any CPU.ActiveCfg = Debug|Any CPU
		{F01635B3-0AC2-46AF-9E96-C2D0C44DDAFB}.Debug|Any CPU.Build.0 = Debug|Any CPU
		{F01635B3-0AC2-46AF-9E96-C2D0C44DDAFB}.Release|Any CPU.ActiveCfg = Release|Any CPU
		{F01635B3-0AC2-46AF-9E96-C2D0C44DDAFB}.Release|Any CPU.Build.0 = Release|Any CPU
		{818E4FA1-1547-4AD2-9A49-E49360205123}.Debug|Any CPU.ActiveCfg = Debug|Any CPU
		{818E4FA1-1547-4AD2-9A49-E49360205123}.Debug|Any CPU.Build.0 = Debug|Any CPU
		{818E4FA1-1547-4AD2-9A49-E49360205123}.Release|Any CPU.ActiveCfg = Release|Any CPU
		{818E4FA1-1547-4AD2-9A49-E49360205123}.Release|Any CPU.Build.0 = Release|Any CPU
		{7A6A6432-2DB8-4449-8ADB-78AF6DA747AC}.Debug|Any CPU.ActiveCfg = Debug|Any CPU
		{7A6A6432-2DB8-4449-8ADB-78AF6DA747AC}.Debug|Any CPU.Build.0 = Debug|Any CPU
		{7A6A6432-2DB8-4449-8ADB-78AF6DA747AC}.Release|Any CPU.ActiveCfg = Release|Any CPU
		{7A6A6432-2DB8-4449-8ADB-78AF6DA747AC}.Release|Any CPU.Build.0 = Release|Any CPU
		{9C558B28-0A57-41BD-91FF-C4489A68924A}.Debug|Any CPU.ActiveCfg = Debug|Any CPU
		{9C558B28-0A57-41BD-91FF-C4489A68924A}.Debug|Any CPU.Build.0 = Debug|Any CPU
		{9C558B28-0A57-41BD-91FF-C4489A68924A}.Release|Any CPU.ActiveCfg = Release|Any CPU
		{9C558B28-0A57-41BD-91FF-C4489A68924A}.Release|Any CPU.Build.0 = Release|Any CPU
		{755EAC64-E1F8-44E8-8332-479B67DCD7AD}.Debug|Any CPU.ActiveCfg = Debug|Any CPU
		{755EAC64-E1F8-44E8-8332-479B67DCD7AD}.Debug|Any CPU.Build.0 = Debug|Any CPU
		{755EAC64-E1F8-44E8-8332-479B67DCD7AD}.Release|Any CPU.ActiveCfg = Release|Any CPU
		{755EAC64-E1F8-44E8-8332-479B67DCD7AD}.Release|Any CPU.Build.0 = Release|Any CPU
		{9D977943-F219-402E-9999-90F77D0D5B45}.Debug|Any CPU.ActiveCfg = Debug|Any CPU
		{9D977943-F219-402E-9999-90F77D0D5B45}.Debug|Any CPU.Build.0 = Debug|Any CPU
		{9D977943-F219-402E-9999-90F77D0D5B45}.Release|Any CPU.ActiveCfg = Release|Any CPU
		{9D977943-F219-402E-9999-90F77D0D5B45}.Release|Any CPU.Build.0 = Release|Any CPU
		{E1D1E557-799E-49C1-86BD-271957E755A5}.Debug|Any CPU.ActiveCfg = Debug|Any CPU
		{E1D1E557-799E-49C1-86BD-271957E755A5}.Debug|Any CPU.Build.0 = Debug|Any CPU
		{E1D1E557-799E-49C1-86BD-271957E755A5}.Release|Any CPU.ActiveCfg = Release|Any CPU
		{E1D1E557-799E-49C1-86BD-271957E755A5}.Release|Any CPU.Build.0 = Release|Any CPU
		{BF4B90C7-FC17-421A-BDF6-9FA81070C326}.Debug|Any CPU.ActiveCfg = Debug|Any CPU
		{BF4B90C7-FC17-421A-BDF6-9FA81070C326}.Debug|Any CPU.Build.0 = Debug|Any CPU
		{BF4B90C7-FC17-421A-BDF6-9FA81070C326}.Release|Any CPU.ActiveCfg = Release|Any CPU
		{BF4B90C7-FC17-421A-BDF6-9FA81070C326}.Release|Any CPU.Build.0 = Release|Any CPU
		{DA41F977-FAEE-4068-94A9-6DFAF6930CA6}.Debug|Any CPU.ActiveCfg = Debug|Any CPU
		{DA41F977-FAEE-4068-94A9-6DFAF6930CA6}.Debug|Any CPU.Build.0 = Debug|Any CPU
		{DA41F977-FAEE-4068-94A9-6DFAF6930CA6}.Release|Any CPU.ActiveCfg = Release|Any CPU
		{DA41F977-FAEE-4068-94A9-6DFAF6930CA6}.Release|Any CPU.Build.0 = Release|Any CPU
		{A72E77BE-63D2-43F8-B8E7-E8DE6D7C7C70}.Debug|Any CPU.ActiveCfg = Debug|Any CPU
		{A72E77BE-63D2-43F8-B8E7-E8DE6D7C7C70}.Debug|Any CPU.Build.0 = Debug|Any CPU
		{A72E77BE-63D2-43F8-B8E7-E8DE6D7C7C70}.Release|Any CPU.ActiveCfg = Release|Any CPU
		{A72E77BE-63D2-43F8-B8E7-E8DE6D7C7C70}.Release|Any CPU.Build.0 = Release|Any CPU
	EndGlobalSection
	GlobalSection(SolutionProperties) = preSolution
		HideSolutionNode = FALSE
	EndGlobalSection
EndGlobal
